// !$*UTF8*$!
{
	archiveVersion = 1;
	classes = {
	};
	objectVersion = 50;
	objects = {

/* Begin PBXBuildFile section */
		E524477D252D901600627A87 /* AppDelegate.swift in Sources */ = {isa = PBXBuildFile; fileRef = E524477C252D901600627A87 /* AppDelegate.swift */; };
		E524477F252D901600627A87 /* SceneDelegate.swift in Sources */ = {isa = PBXBuildFile; fileRef = E524477E252D901600627A87 /* SceneDelegate.swift */; };
		E5244781252D901600627A87 /* ViewController.swift in Sources */ = {isa = PBXBuildFile; fileRef = E5244780252D901600627A87 /* ViewController.swift */; };
		E5244784252D901600627A87 /* Main.storyboard in Resources */ = {isa = PBXBuildFile; fileRef = E5244782252D901600627A87 /* Main.storyboard */; };
		E5244787252D901600627A87 /* FBMessanger.xcdatamodeld in Sources */ = {isa = PBXBuildFile; fileRef = E5244785252D901600627A87 /* FBMessanger.xcdatamodeld */; };
		E5244789252D901C00627A87 /* Assets.xcassets in Resources */ = {isa = PBXBuildFile; fileRef = E5244788252D901C00627A87 /* Assets.xcassets */; };
		E524478C252D901C00627A87 /* LaunchScreen.storyboard in Resources */ = {isa = PBXBuildFile; fileRef = E524478A252D901C00627A87 /* LaunchScreen.storyboard */; };
		E524479C252DEB3B00627A87 /* FriendsControllerHelper.swift in Sources */ = {isa = PBXBuildFile; fileRef = E524479B252DEB3B00627A87 /* FriendsControllerHelper.swift */; };
		E528C50F252F23B2006F1E1B /* Friend+CoreDataClass.swift in Sources */ = {isa = PBXBuildFile; fileRef = E528C50B252F23B2006F1E1B /* Friend+CoreDataClass.swift */; };
		E528C510252F23B2006F1E1B /* Friend+CoreDataProperties.swift in Sources */ = {isa = PBXBuildFile; fileRef = E528C50C252F23B2006F1E1B /* Friend+CoreDataProperties.swift */; };
		E528C511252F23B2006F1E1B /* Message+CoreDataClass.swift in Sources */ = {isa = PBXBuildFile; fileRef = E528C50D252F23B2006F1E1B /* Message+CoreDataClass.swift */; };
		E528C512252F23B2006F1E1B /* Message+CoreDataProperties.swift in Sources */ = {isa = PBXBuildFile; fileRef = E528C50E252F23B2006F1E1B /* Message+CoreDataProperties.swift */; };
		E538ED7425323B59004E9E52 /* CustomTabBarController.swift in Sources */ = {isa = PBXBuildFile; fileRef = E538ED7325323B59004E9E52 /* CustomTabBarController.swift */; };
		E5E4CD2E25304A5800348CE8 /* ChatLogController.swift in Sources */ = {isa = PBXBuildFile; fileRef = E5E4CD2D25304A5800348CE8 /* ChatLogController.swift */; };
/* End PBXBuildFile section */

/* Begin PBXFileReference section */
		E5244779252D901600627A87 /* FBMessanger.app */ = {isa = PBXFileReference; explicitFileType = wrapper.application; includeInIndex = 0; path = FBMessanger.app; sourceTree = BUILT_PRODUCTS_DIR; };
		E524477C252D901600627A87 /* AppDelegate.swift */ = {isa = PBXFileReference; lastKnownFileType = sourcecode.swift; path = AppDelegate.swift; sourceTree = "<group>"; };
		E524477E252D901600627A87 /* SceneDelegate.swift */ = {isa = PBXFileReference; lastKnownFileType = sourcecode.swift; path = SceneDelegate.swift; sourceTree = "<group>"; };
		E5244780252D901600627A87 /* ViewController.swift */ = {isa = PBXFileReference; lastKnownFileType = sourcecode.swift; path = ViewController.swift; sourceTree = "<group>"; };
		E5244783252D901600627A87 /* Base */ = {isa = PBXFileReference; lastKnownFileType = file.storyboard; name = Base; path = Base.lproj/Main.storyboard; sourceTree = "<group>"; };
		E5244786252D901600627A87 /* FBMessanger.xcdatamodel */ = {isa = PBXFileReference; lastKnownFileType = wrapper.xcdatamodel; path = FBMessanger.xcdatamodel; sourceTree = "<group>"; };
		E5244788252D901C00627A87 /* Assets.xcassets */ = {isa = PBXFileReference; lastKnownFileType = folder.assetcatalog; path = Assets.xcassets; sourceTree = "<group>"; };
		E524478B252D901C00627A87 /* Base */ = {isa = PBXFileReference; lastKnownFileType = file.storyboard; name = Base; path = Base.lproj/LaunchScreen.storyboard; sourceTree = "<group>"; };
		E524478D252D901C00627A87 /* Info.plist */ = {isa = PBXFileReference; lastKnownFileType = text.plist.xml; path = Info.plist; sourceTree = "<group>"; };
		E524479B252DEB3B00627A87 /* FriendsControllerHelper.swift */ = {isa = PBXFileReference; lastKnownFileType = sourcecode.swift; path = FriendsControllerHelper.swift; sourceTree = "<group>"; };
		E528C50B252F23B2006F1E1B /* Friend+CoreDataClass.swift */ = {isa = PBXFileReference; lastKnownFileType = sourcecode.swift; path = "Friend+CoreDataClass.swift"; sourceTree = "<group>"; };
		E528C50C252F23B2006F1E1B /* Friend+CoreDataProperties.swift */ = {isa = PBXFileReference; lastKnownFileType = sourcecode.swift; path = "Friend+CoreDataProperties.swift"; sourceTree = "<group>"; };
		E528C50D252F23B2006F1E1B /* Message+CoreDataClass.swift */ = {isa = PBXFileReference; lastKnownFileType = sourcecode.swift; path = "Message+CoreDataClass.swift"; sourceTree = "<group>"; };
		E528C50E252F23B2006F1E1B /* Message+CoreDataProperties.swift */ = {isa = PBXFileReference; lastKnownFileType = sourcecode.swift; path = "Message+CoreDataProperties.swift"; sourceTree = "<group>"; };
		E538ED7325323B59004E9E52 /* CustomTabBarController.swift */ = {isa = PBXFileReference; lastKnownFileType = sourcecode.swift; path = CustomTabBarController.swift; sourceTree = "<group>"; };
		E5E4CD2D25304A5800348CE8 /* ChatLogController.swift */ = {isa = PBXFileReference; lastKnownFileType = sourcecode.swift; path = ChatLogController.swift; sourceTree = "<group>"; };
/* End PBXFileReference section */

/* Begin PBXFrameworksBuildPhase section */
		E5244776252D901600627A87 /* Frameworks */ = {
			isa = PBXFrameworksBuildPhase;
			buildActionMask = 2147483647;
			files = (
			);
			runOnlyForDeploymentPostprocessing = 0;
		};
/* End PBXFrameworksBuildPhase section */

/* Begin PBXGroup section */
		E5244770252D901600627A87 = {
			isa = PBXGroup;
			children = (
				E528C50B252F23B2006F1E1B /* Friend+CoreDataClass.swift */,
				E528C50C252F23B2006F1E1B /* Friend+CoreDataProperties.swift */,
				E528C50D252F23B2006F1E1B /* Message+CoreDataClass.swift */,
				E528C50E252F23B2006F1E1B /* Message+CoreDataProperties.swift */,
				E524477B252D901600627A87 /* FBMessanger */,
				E524477A252D901600627A87 /* Products */,
			);
			sourceTree = "<group>";
		};
		E524477A252D901600627A87 /* Products */ = {
			isa = PBXGroup;
			children = (
				E5244779252D901600627A87 /* FBMessanger.app */,
			);
			name = Products;
			sourceTree = "<group>";
		};
		E524477B252D901600627A87 /* FBMessanger */ = {
			isa = PBXGroup;
			children = (
				E524477C252D901600627A87 /* AppDelegate.swift */,
				E524477E252D901600627A87 /* SceneDelegate.swift */,
				E524479B252DEB3B00627A87 /* FriendsControllerHelper.swift */,
				E538ED7325323B59004E9E52 /* CustomTabBarController.swift */,
				E5244780252D901600627A87 /* ViewController.swift */,
				E5E4CD2D25304A5800348CE8 /* ChatLogController.swift */,
				E5244782252D901600627A87 /* Main.storyboard */,
				E5244788252D901C00627A87 /* Assets.xcassets */,
				E524478A252D901C00627A87 /* LaunchScreen.storyboard */,
				E524478D252D901C00627A87 /* Info.plist */,
				E5244785252D901600627A87 /* FBMessanger.xcdatamodeld */,
			);
			path = FBMessanger;
			sourceTree = "<group>";
		};
/* End PBXGroup section */

/* Begin PBXNativeTarget section */
		E5244778252D901600627A87 /* FBMessanger */ = {
			isa = PBXNativeTarget;
			buildConfigurationList = E5244790252D901D00627A87 /* Build configuration list for PBXNativeTarget "FBMessanger" */;
			buildPhases = (
				E5244775252D901600627A87 /* Sources */,
				E5244776252D901600627A87 /* Frameworks */,
				E5244777252D901600627A87 /* Resources */,
			);
			buildRules = (
			);
			dependencies = (
			);
			name = FBMessanger;
			productName = FBMessanger;
			productReference = E5244779252D901600627A87 /* FBMessanger.app */;
			productType = "com.apple.product-type.application";
		};
/* End PBXNativeTarget section */

/* Begin PBXProject section */
		E5244771252D901600627A87 /* Project object */ = {
			isa = PBXProject;
			attributes = {
				LastSwiftUpdateCheck = 1200;
				LastUpgradeCheck = 1200;
				TargetAttributes = {
					E5244778252D901600627A87 = {
						CreatedOnToolsVersion = 12.0;
					};
				};
			};
			buildConfigurationList = E5244774252D901600627A87 /* Build configuration list for PBXProject "FBMessanger" */;
			compatibilityVersion = "Xcode 9.3";
			developmentRegion = en;
			hasScannedForEncodings = 0;
			knownRegions = (
				en,
				Base,
			);
			mainGroup = E5244770252D901600627A87;
			productRefGroup = E524477A252D901600627A87 /* Products */;
			projectDirPath = "";
			projectRoot = "";
			targets = (
				E5244778252D901600627A87 /* FBMessanger */,
			);
		};
/* End PBXProject section */

/* Begin PBXResourcesBuildPhase section */
		E5244777252D901600627A87 /* Resources */ = {
			isa = PBXResourcesBuildPhase;
			buildActionMask = 2147483647;
			files = (
				E524478C252D901C00627A87 /* LaunchScreen.storyboard in Resources */,
				E5244789252D901C00627A87 /* Assets.xcassets in Resources */,
				E5244784252D901600627A87 /* Main.storyboard in Resources */,
			);
			runOnlyForDeploymentPostprocessing = 0;
		};
/* End PBXResourcesBuildPhase section */

/* Begin PBXSourcesBuildPhase section */
		E5244775252D901600627A87 /* Sources */ = {
			isa = PBXSourcesBuildPhase;
			buildActionMask = 2147483647;
			files = (
				E5E4CD2E25304A5800348CE8 /* ChatLogController.swift in Sources */,
				E5244781252D901600627A87 /* ViewController.swift in Sources */,
				E528C50F252F23B2006F1E1B /* Friend+CoreDataClass.swift in Sources */,
				E5244787252D901600627A87 /* FBMessanger.xcdatamodeld in Sources */,
				E524477D252D901600627A87 /* AppDelegate.swift in Sources */,
				E538ED7425323B59004E9E52 /* CustomTabBarController.swift in Sources */,
				E524477F252D901600627A87 /* SceneDelegate.swift in Sources */,
				E528C512252F23B2006F1E1B /* Message+CoreDataProperties.swift in Sources */,
				E524479C252DEB3B00627A87 /* FriendsControllerHelper.swift in Sources */,
				E528C510252F23B2006F1E1B /* Friend+CoreDataProperties.swift in Sources */,
				E528C511252F23B2006F1E1B /* Message+CoreDataClass.swift in Sources */,
			);
			runOnlyForDeploymentPostprocessing = 0;
		};
/* End PBXSourcesBuildPhase section */

/* Begin PBXVariantGroup section */
		E5244782252D901600627A87 /* Main.storyboard */ = {
			isa = PBXVariantGroup;
			children = (
				E5244783252D901600627A87 /* Base */,
			);
			name = Main.storyboard;
			sourceTree = "<group>";
		};
		E524478A252D901C00627A87 /* LaunchScreen.storyboard */ = {
			isa = PBXVariantGroup;
			children = (
				E524478B252D901C00627A87 /* Base */,
			);
			name = LaunchScreen.storyboard;
			sourceTree = "<group>";
		};
/* End PBXVariantGroup section */

/* Begin XCBuildConfiguration section */
		E524478E252D901D00627A87 /* Debug */ = {
			isa = XCBuildConfiguration;
			buildSettings = {
				ALWAYS_SEARCH_USER_PATHS = NO;
				CLANG_ANALYZER_NONNULL = YES;
				CLANG_ANALYZER_NUMBER_OBJECT_CONVERSION = YES_AGGRESSIVE;
				CLANG_CXX_LANGUAGE_STANDARD = "gnu++14";
				CLANG_CXX_LIBRARY = "libc++";
				CLANG_ENABLE_MODULES = YES;
				CLANG_ENABLE_OBJC_ARC = YES;
				CLANG_ENABLE_OBJC_WEAK = YES;
				CLANG_WARN_BLOCK_CAPTURE_AUTORELEASING = YES;
				CLANG_WARN_BOOL_CONVERSION = YES;
				CLANG_WARN_COMMA = YES;
				CLANG_WARN_CONSTANT_CONVERSION = YES;
				CLANG_WARN_DEPRECATED_OBJC_IMPLEMENTATIONS = YES;
				CLANG_WARN_DIRECT_OBJC_ISA_USAGE = YES_ERROR;
				CLANG_WARN_DOCUMENTATION_COMMENTS = YES;
				CLANG_WARN_EMPTY_BODY = YES;
				CLANG_WARN_ENUM_CONVERSION = YES;
				CLANG_WARN_INFINITE_RECURSION = YES;
				CLANG_WARN_INT_CONVERSION = YES;
				CLANG_WARN_NON_LITERAL_NULL_CONVERSION = YES;
				CLANG_WARN_OBJC_IMPLICIT_RETAIN_SELF = YES;
				CLANG_WARN_OBJC_LITERAL_CONVERSION = YES;
				CLANG_WARN_OBJC_ROOT_CLASS = YES_ERROR;
				CLANG_WARN_QUOTED_INCLUDE_IN_FRAMEWORK_HEADER = YES;
				CLANG_WARN_RANGE_LOOP_ANALYSIS = YES;
				CLANG_WARN_STRICT_PROTOTYPES = YES;
				CLANG_WARN_SUSPICIOUS_MOVE = YES;
				CLANG_WARN_UNGUARDED_AVAILABILITY = YES_AGGRESSIVE;
				CLANG_WARN_UNREACHABLE_CODE = YES;
				CLANG_WARN__DUPLICATE_METHOD_MATCH = YES;
				COPY_PHASE_STRIP = NO;
				DEBUG_INFORMATION_FORMAT = dwarf;
				ENABLE_STRICT_OBJC_MSGSEND = YES;
				ENABLE_TESTABILITY = YES;
				GCC_C_LANGUAGE_STANDARD = gnu11;
				GCC_DYNAMIC_NO_PIC = NO;
				GCC_NO_COMMON_BLOCKS = YES;
				GCC_OPTIMIZATION_LEVEL = 0;
				GCC_PREPROCESSOR_DEFINITIONS = (
					"DEBUG=1",
					"$(inherited)",
				);
				GCC_WARN_64_TO_32_BIT_CONVERSION = YES;
				GCC_WARN_ABOUT_RETURN_TYPE = YES_ERROR;
				GCC_WARN_UNDECLARED_SELECTOR = YES;
				GCC_WARN_UNINITIALIZED_AUTOS = YES_AGGRESSIVE;
				GCC_WARN_UNUSED_FUNCTION = YES;
				GCC_WARN_UNUSED_VARIABLE = YES;
				IPHONEOS_DEPLOYMENT_TARGET = 14.0;
				MTL_ENABLE_DEBUG_INFO = INCLUDE_SOURCE;
				MTL_FAST_MATH = YES;
				ONLY_ACTIVE_ARCH = YES;
				SDKROOT = iphoneos;
				SWIFT_ACTIVE_COMPILATION_CONDITIONS = DEBUG;
				SWIFT_OPTIMIZATION_LEVEL = "-Onone";
			};
			name = Debug;
		};
		E524478F252D901D00627A87 /* Release */ = {
			isa = XCBuildConfiguration;
			buildSettings = {
				ALWAYS_SEARCH_USER_PATHS = NO;
				CLANG_ANALYZER_NONNULL = YES;
				CLANG_ANALYZER_NUMBER_OBJECT_CONVERSION = YES_AGGRESSIVE;
				CLANG_CXX_LANGUAGE_STANDARD = "gnu++14";
				CLANG_CXX_LIBRARY = "libc++";
				CLANG_ENABLE_MODULES = YES;
				CLANG_ENABLE_OBJC_ARC = YES;
				CLANG_ENABLE_OBJC_WEAK = YES;
				CLANG_WARN_BLOCK_CAPTURE_AUTORELEASING = YES;
				CLANG_WARN_BOOL_CONVERSION = YES;
				CLANG_WARN_COMMA = YES;
				CLANG_WARN_CONSTANT_CONVERSION = YES;
				CLANG_WARN_DEPRECATED_OBJC_IMPLEMENTATIONS = YES;
				CLANG_WARN_DIRECT_OBJC_ISA_USAGE = YES_ERROR;
				CLANG_WARN_DOCUMENTATION_COMMENTS = YES;
				CLANG_WARN_EMPTY_BODY = YES;
				CLANG_WARN_ENUM_CONVERSION = YES;
				CLANG_WARN_INFINITE_RECURSION = YES;
				CLANG_WARN_INT_CONVERSION = YES;
				CLANG_WARN_NON_LITERAL_NULL_CONVERSION = YES;
				CLANG_WARN_OBJC_IMPLICIT_RETAIN_SELF = YES;
				CLANG_WARN_OBJC_LITERAL_CONVERSION = YES;
				CLANG_WARN_OBJC_ROOT_CLASS = YES_ERROR;
				CLANG_WARN_QUOTED_INCLUDE_IN_FRAMEWORK_HEADER = YES;
				CLANG_WARN_RANGE_LOOP_ANALYSIS = YES;
				CLANG_WARN_STRICT_PROTOTYPES = YES;
				CLANG_WARN_SUSPICIOUS_MOVE = YES;
				CLANG_WARN_UNGUARDED_AVAILABILITY = YES_AGGRESSIVE;
				CLANG_WARN_UNREACHABLE_CODE = YES;
				CLANG_WARN__DUPLICATE_METHOD_MATCH = YES;
				COPY_PHASE_STRIP = NO;
				DEBUG_INFORMATION_FORMAT = "dwarf-with-dsym";
				ENABLE_NS_ASSERTIONS = NO;
				ENABLE_STRICT_OBJC_MSGSEND = YES;
				GCC_C_LANGUAGE_STANDARD = gnu11;
				GCC_NO_COMMON_BLOCKS = YES;
				GCC_WARN_64_TO_32_BIT_CONVERSION = YES;
				GCC_WARN_ABOUT_RETURN_TYPE = YES_ERROR;
				GCC_WARN_UNDECLARED_SELECTOR = YES;
				GCC_WARN_UNINITIALIZED_AUTOS = YES_AGGRESSIVE;
				GCC_WARN_UNUSED_FUNCTION = YES;
				GCC_WARN_UNUSED_VARIABLE = YES;
				IPHONEOS_DEPLOYMENT_TARGET = 14.0;
				MTL_ENABLE_DEBUG_INFO = NO;
				MTL_FAST_MATH = YES;
				SDKROOT = iphoneos;
				SWIFT_COMPILATION_MODE = wholemodule;
				SWIFT_OPTIMIZATION_LEVEL = "-O";
				VALIDATE_PRODUCT = YES;
			};
			name = Release;
		};
		E5244791252D901D00627A87 /* Debug */ = {
			isa = XCBuildConfiguration;
			buildSettings = {
				ASSETCATALOG_COMPILER_APPICON_NAME = AppIcon;
				ASSETCATALOG_COMPILER_GLOBAL_ACCENT_COLOR_NAME = AccentColor;
				CODE_SIGN_IDENTITY = "Apple Development";
				CODE_SIGN_STYLE = Automatic;
				DEVELOPMENT_TEAM = TVNHTF4592;
				INFOPLIST_FILE = FBMessanger/Info.plist;
				IPHONEOS_DEPLOYMENT_TARGET = 13.6;
				LD_RUNPATH_SEARCH_PATHS = (
					"$(inherited)",
					"@executable_path/Frameworks",
				);
				PRODUCT_BUNDLE_IDENTIFIER = self.Piyush.FB;
				PRODUCT_NAME = "$(TARGET_NAME)";
				PROVISIONING_PROFILE_SPECIFIER = "";
				SWIFT_VERSION = 5.0;
				TARGETED_DEVICE_FAMILY = "1,2";
			};
			name = Debug;
		};
		E5244792252D901D00627A87 /* Release */ = {
			isa = XCBuildConfiguration;
			buildSettings = {
				ASSETCATALOG_COMPILER_APPICON_NAME = AppIcon;
				ASSETCATALOG_COMPILER_GLOBAL_ACCENT_COLOR_NAME = AccentColor;
				CODE_SIGN_IDENTITY = "Apple Development";
				CODE_SIGN_STYLE = Automatic;
				DEVELOPMENT_TEAM = TVNHTF4592;
				INFOPLIST_FILE = FBMessanger/Info.plist;
				IPHONEOS_DEPLOYMENT_TARGET = 13.6;
				LD_RUNPATH_SEARCH_PATHS = (
					"$(inherited)",
					"@executable_path/Frameworks",
				);
				PRODUCT_BUNDLE_IDENTIFIER = self.Piyush.FB;
				PRODUCT_NAME = "$(TARGET_NAME)";
				PROVISIONING_PROFILE_SPECIFIER = "";
				SWIFT_VERSION = 5.0;
				TARGETED_DEVICE_FAMILY = "1,2";
			};
			name = Release;
		};
/* End XCBuildConfiguration section */

/* Begin XCConfigurationList section */
		E5244774252D901600627A87 /* Build configuration list for PBXProject "FBMessanger" */ = {
			isa = XCConfigurationList;
			buildConfigurations = (
				E524478E252D901D00627A87 /* Debug */,
				E524478F252D901D00627A87 /* Release */,
			);
			defaultConfigurationIsVisible = 0;
			defaultConfigurationName = Release;
		};
		E5244790252D901D00627A87 /* Build configuration list for PBXNativeTarget "FBMessanger" */ = {
			isa = XCConfigurationList;
			buildConfigurations = (
				E5244791252D901D00627A87 /* Debug */,
				E5244792252D901D00627A87 /* Release */,
			);
			defaultConfigurationIsVisible = 0;
			defaultConfigurationName = Release;
		};
/* End XCConfigurationList section */

/* Begin XCVersionGroup section */
		E5244785252D901600627A87 /* FBMessanger.xcdatamodeld */ = {
			isa = XCVersionGroup;
			children = (
				E5244786252D901600627A87 /* FBMessanger.xcdatamodel */,
			);
			currentVersion = E5244786252D901600627A87 /* FBMessanger.xcdatamodel */;
			path = FBMessanger.xcdatamodeld;
			sourceTree = "<group>";
			versionGroupType = wrapper.xcdatamodel;
		};
/* End XCVersionGroup section */
	};
	rootObject = E5244771252D901600627A87 /* Project object */;
}
